
Microsoft Visual Studio Solution File, Format Version 12.00
# Visual Studio Version 17
VisualStudioVersion = 17.5.33530.505
MinimumVisualStudioVersion = 10.0.40219.1
Project("{FAE04EC0-301F-11D3-BF4B-00C04F79EFBC}") = "lesson5 practice", "lesson5 practice\lesson5 practice.csproj", "{30C2AE71-44F8-4125-BBDE-75DFFEC3F04C}"
EndProject
Global
	GlobalSection(SolutionConfigurationPlatforms) = preSolution
		Debug|Any CPU = Debug|Any CPU
		Release|Any CPU = Release|Any CPU
	EndGlobalSection
	GlobalSection(ProjectConfigurationPlatforms) = postSolution
		{30C2AE71-44F8-4125-BBDE-75DFFEC3F04C}.Debug|Any CPU.ActiveCfg = Debug|Any CPU
		{30C2AE71-44F8-4125-BBDE-75DFFEC3F04C}.Debug|Any CPU.Build.0 = Debug|Any CPU
		{30C2AE71-44F8-4125-BBDE-75DFFEC3F04C}.Release|Any CPU.ActiveCfg = Release|Any CPU
		{30C2AE71-44F8-4125-BBDE-75DFFEC3F04C}.Release|Any CPU.Build.0 = Release|Any CPU
	EndGlobalSection
	GlobalSection(SolutionProperties) = preSolution
		HideSolutionNode = FALSE
	EndGlobalSection
	GlobalSection(ExtensibilityGlobals) = postSolution
		SolutionGuid = {F7FC3C8C-3B4C-4BF0-AB62-195EA6252B5C}
	EndGlobalSection
EndGlobal
