
Microsoft Visual Studio Solution File, Format Version 12.00
# Visual Studio Version 17
VisualStudioVersion = 17.5.33530.505
MinimumVisualStudioVersion = 10.0.40219.1
Project("{FAE04EC0-301F-11D3-BF4B-00C04F79EFBC}") = "lesson16 practice", "lesson16 practice\lesson16 practice.csproj", "{A293D790-BB85-4E2E-B0D0-714698731CBD}"
EndProject
Global
	GlobalSection(SolutionConfigurationPlatforms) = preSolution
		Debug|Any CPU = Debug|Any CPU
		Release|Any CPU = Release|Any CPU
	EndGlobalSection
	GlobalSection(ProjectConfigurationPlatforms) = postSolution
		{A293D790-BB85-4E2E-B0D0-714698731CBD}.Debug|Any CPU.ActiveCfg = Debug|Any CPU
		{A293D790-BB85-4E2E-B0D0-714698731CBD}.Debug|Any CPU.Build.0 = Debug|Any CPU
		{A293D790-BB85-4E2E-B0D0-714698731CBD}.Release|Any CPU.ActiveCfg = Release|Any CPU
		{A293D790-BB85-4E2E-B0D0-714698731CBD}.Release|Any CPU.Build.0 = Release|Any CPU
	EndGlobalSection
	GlobalSection(SolutionProperties) = preSolution
		HideSolutionNode = FALSE
	EndGlobalSection
	GlobalSection(ExtensibilityGlobals) = postSolution
		SolutionGuid = {9D7A0B27-C2CF-46C0-AE1B-4DB148C3D81A}
	EndGlobalSection
EndGlobal
