
Microsoft Visual Studio Solution File, Format Version 12.00
# Visual Studio Version 17
VisualStudioVersion = 17.5.33530.505
MinimumVisualStudioVersion = 10.0.40219.1
Project("{FAE04EC0-301F-11D3-BF4B-00C04F79EFBC}") = "lesson18 practice", "lesson18 practice\lesson18 practice.csproj", "{CE0F1B86-0ECA-4185-A7DA-6DB4BA56DC16}"
EndProject
Global
	GlobalSection(SolutionConfigurationPlatforms) = preSolution
		Debug|Any CPU = Debug|Any CPU
		Release|Any CPU = Release|Any CPU
	EndGlobalSection
	GlobalSection(ProjectConfigurationPlatforms) = postSolution
		{CE0F1B86-0ECA-4185-A7DA-6DB4BA56DC16}.Debug|Any CPU.ActiveCfg = Debug|Any CPU
		{CE0F1B86-0ECA-4185-A7DA-6DB4BA56DC16}.Debug|Any CPU.Build.0 = Debug|Any CPU
		{CE0F1B86-0ECA-4185-A7DA-6DB4BA56DC16}.Release|Any CPU.ActiveCfg = Release|Any CPU
		{CE0F1B86-0ECA-4185-A7DA-6DB4BA56DC16}.Release|Any CPU.Build.0 = Release|Any CPU
	EndGlobalSection
	GlobalSection(SolutionProperties) = preSolution
		HideSolutionNode = FALSE
	EndGlobalSection
	GlobalSection(ExtensibilityGlobals) = postSolution
		SolutionGuid = {324BBD49-470B-48E1-88CE-6BE37C585D4E}
	EndGlobalSection
EndGlobal
