
Microsoft Visual Studio Solution File, Format Version 12.00
# Visual Studio Version 17
VisualStudioVersion = 17.5.33530.505
MinimumVisualStudioVersion = 10.0.40219.1
Project("{FAE04EC0-301F-11D3-BF4B-00C04F79EFBC}") = "lesson 10 practice", "lesson 10 practice\lesson 10 practice.csproj", "{A672AD49-AB34-4406-82F6-9CD240904C47}"
EndProject
Global
	GlobalSection(SolutionConfigurationPlatforms) = preSolution
		Debug|Any CPU = Debug|Any CPU
		Release|Any CPU = Release|Any CPU
	EndGlobalSection
	GlobalSection(ProjectConfigurationPlatforms) = postSolution
		{A672AD49-AB34-4406-82F6-9CD240904C47}.Debug|Any CPU.ActiveCfg = Debug|Any CPU
		{A672AD49-AB34-4406-82F6-9CD240904C47}.Debug|Any CPU.Build.0 = Debug|Any CPU
		{A672AD49-AB34-4406-82F6-9CD240904C47}.Release|Any CPU.ActiveCfg = Release|Any CPU
		{A672AD49-AB34-4406-82F6-9CD240904C47}.Release|Any CPU.Build.0 = Release|Any CPU
	EndGlobalSection
	GlobalSection(SolutionProperties) = preSolution
		HideSolutionNode = FALSE
	EndGlobalSection
	GlobalSection(ExtensibilityGlobals) = postSolution
		SolutionGuid = {65954B3C-E5DC-4B5B-A60B-D2393899A0C5}
	EndGlobalSection
EndGlobal
